
Microsoft Visual Studio Solution File, Format Version 12.00
# Visual Studio Version 16
VisualStudioVersion = 16.0.30413.136
MinimumVisualStudioVersion = 10.0.40219.1
Project("{9A19103F-16F7-4668-BE54-9A1E7A4F7556}") = "Session02Exercise01", "Session02Exercise01\Session02Exercise01.csproj", "{33C3F339-DCEB-49E6-8B08-8EAD1F289C18}"
EndProject
Project("{FAE04EC0-301F-11D3-BF4B-00C04F79EFBC}") = "Session02Exercise02", "Session02Exercise02\Session02Exercise02.csproj", "{D02D8C6B-E651-429F-ACE6-C1762E31ABA0}"
EndProject
Global
	GlobalSection(SolutionConfigurationPlatforms) = preSolution
		Debug|Any CPU = Debug|Any CPU
		Release|Any CPU = Release|Any CPU
	EndGlobalSection
	GlobalSection(ProjectConfigurationPlatforms) = postSolution
		{33C3F339-DCEB-49E6-8B08-8EAD1F289C18}.Debug|Any CPU.ActiveCfg = Debug|Any CPU
		{33C3F339-DCEB-49E6-8B08-8EAD1F289C18}.Debug|Any CPU.Build.0 = Debug|Any CPU
		{33C3F339-DCEB-49E6-8B08-8EAD1F289C18}.Release|Any CPU.ActiveCfg = Release|Any CPU
		{33C3F339-DCEB-49E6-8B08-8EAD1F289C18}.Release|Any CPU.Build.0 = Release|Any CPU
		{D02D8C6B-E651-429F-ACE6-C1762E31ABA0}.Debug|Any CPU.ActiveCfg = Debug|Any CPU
		{D02D8C6B-E651-429F-ACE6-C1762E31ABA0}.Debug|Any CPU.Build.0 = Debug|Any CPU
		{D02D8C6B-E651-429F-ACE6-C1762E31ABA0}.Release|Any CPU.ActiveCfg = Release|Any CPU
		{D02D8C6B-E651-429F-ACE6-C1762E31ABA0}.Release|Any CPU.Build.0 = Release|Any CPU
	EndGlobalSection
	GlobalSection(SolutionProperties) = preSolution
		HideSolutionNode = FALSE
	EndGlobalSection
	GlobalSection(ExtensibilityGlobals) = postSolution
		SolutionGuid = {DCA526F6-378A-4283-A6C6-7AEF1C589B10}
	EndGlobalSection
EndGlobal
